// !$*UTF8*$!
{
	archiveVersion = 1;
	classes = {
	};
	objectVersion = 46;
	objects = {

/* Begin PBXBuildFile section */
		620B407B1F9CA443009967B1 /* GeoTest.cpp in Sources */ = {isa = PBXBuildFile; fileRef = 620B407A1F9CA443009967B1 /* GeoTest.cpp */; };
		BB16A4EF1D2E2E9C009710F8 /* main.cpp in Sources */ = {isa = PBXBuildFile; fileRef = BB16A4EE1D2E2E9C009710F8 /* main.cpp */; };
		BB16A4F61D2E30A3009710F8 /* libGLTools.a in Frameworks */ = {isa = PBXBuildFile; fileRef = BBFD1F1B1D2501C600E89BAA /* libGLTools.a */; };
		BB16A4F71D2E30A9009710F8 /* GLUT.framework in Frameworks */ = {isa = PBXBuildFile; fileRef = BBFD1F1F1D25031C00E89BAA /* GLUT.framework */; };
		BB16A4F81D2E30AD009710F8 /* OpenGL.framework in Frameworks */ = {isa = PBXBuildFile; fileRef = BBFD1F1D1D25031600E89BAA /* OpenGL.framework */; };
		BB16A5041D2E4205009710F8 /* GLUT.framework in Frameworks */ = {isa = PBXBuildFile; fileRef = BBFD1F1F1D25031C00E89BAA /* GLUT.framework */; };
		BB16A5051D2E4207009710F8 /* OpenGL.framework in Frameworks */ = {isa = PBXBuildFile; fileRef = BBFD1F1D1D25031600E89BAA /* OpenGL.framework */; };
		BB16A5061D2E420A009710F8 /* libGLTools.a in Frameworks */ = {isa = PBXBuildFile; fileRef = BBFD1F1B1D2501C600E89BAA /* libGLTools.a */; };
		BB16A5081D2E4237009710F8 /* Scissor.cpp in Sources */ = {isa = PBXBuildFile; fileRef = BB16A5071D2E4237009710F8 /* Scissor.cpp */; };
		BB16A5141D2E45ED009710F8 /* GLUT.framework in Frameworks */ = {isa = PBXBuildFile; fileRef = BBFD1F1F1D25031C00E89BAA /* GLUT.framework */; };
		BB16A5151D2E45EF009710F8 /* OpenGL.framework in Frameworks */ = {isa = PBXBuildFile; fileRef = BBFD1F1D1D25031600E89BAA /* OpenGL.framework */; };
		BB16A5161D2E45F2009710F8 /* libGLTools.a in Frameworks */ = {isa = PBXBuildFile; fileRef = BBFD1F1B1D2501C600E89BAA /* libGLTools.a */; };
		BB16A5181D2E460C009710F8 /* Blending.cpp in Sources */ = {isa = PBXBuildFile; fileRef = BB16A5171D2E460C009710F8 /* Blending.cpp */; };
		BB16A5241D2F8068009710F8 /* GLUT.framework in Frameworks */ = {isa = PBXBuildFile; fileRef = BBFD1F1F1D25031C00E89BAA /* GLUT.framework */; };
		BB16A5251D2F8069009710F8 /* OpenGL.framework in Frameworks */ = {isa = PBXBuildFile; fileRef = BBFD1F1D1D25031600E89BAA /* OpenGL.framework */; };
		BB16A5261D2F806C009710F8 /* libGLTools.a in Frameworks */ = {isa = PBXBuildFile; fileRef = BBFD1F1B1D2501C600E89BAA /* libGLTools.a */; };
		BB16A5281D2F80C6009710F8 /* Smoother.cpp in Sources */ = {isa = PBXBuildFile; fileRef = BB16A5271D2F80C6009710F8 /* Smoother.cpp */; };
		BBFD1EF81D24FF4600E89BAA /* main.cpp in Sources */ = {isa = PBXBuildFile; fileRef = BBFD1EF71D24FF4600E89BAA /* main.cpp */; };
		BBFD1F1C1D2501C600E89BAA /* libGLTools.a in Frameworks */ = {isa = PBXBuildFile; fileRef = BBFD1F1B1D2501C600E89BAA /* libGLTools.a */; };
		BBFD1F311D25068900E89BAA /* main.cpp in Sources */ = {isa = PBXBuildFile; fileRef = BBFD1F301D25068900E89BAA /* main.cpp */; };
		BBFD1F321D2506D900E89BAA /* OpenGL.framework in Frameworks */ = {isa = PBXBuildFile; fileRef = BBFD1F1D1D25031600E89BAA /* OpenGL.framework */; };
		BBFD1F331D2506DF00E89BAA /* GLUT.framework in Frameworks */ = {isa = PBXBuildFile; fileRef = BBFD1F1F1D25031C00E89BAA /* GLUT.framework */; };
		BBFD1F341D25076100E89BAA /* libGLTools.a in Frameworks */ = {isa = PBXBuildFile; fileRef = BBFD1F1B1D2501C600E89BAA /* libGLTools.a */; };
		BBFD1F371D2507CB00E89BAA /* Primitieves.cpp in Sources */ = {isa = PBXBuildFile; fileRef = BBFD1F351D2507CB00E89BAA /* Primitieves.cpp */; };
/* End PBXBuildFile section */

/* Begin PBXCopyFilesBuildPhase section */
		BB16A4EA1D2E2E9C009710F8 /* CopyFiles */ = {
			isa = PBXCopyFilesBuildPhase;
			buildActionMask = 2147483647;
			dstPath = /usr/share/man/man1/;
			dstSubfolderSpec = 0;
			files = (
			);
			runOnlyForDeploymentPostprocessing = 1;
		};
		BB16A4FB1D2E41FE009710F8 /* CopyFiles */ = {
			isa = PBXCopyFilesBuildPhase;
			buildActionMask = 2147483647;
			dstPath = /usr/share/man/man1/;
			dstSubfolderSpec = 0;
			files = (
			);
			runOnlyForDeploymentPostprocessing = 1;
		};
		BB16A50B1D2E45E7009710F8 /* CopyFiles */ = {
			isa = PBXCopyFilesBuildPhase;
			buildActionMask = 2147483647;
			dstPath = /usr/share/man/man1/;
			dstSubfolderSpec = 0;
			files = (
			);
			runOnlyForDeploymentPostprocessing = 1;
		};
		BB16A51B1D2F8051009710F8 /* CopyFiles */ = {
			isa = PBXCopyFilesBuildPhase;
			buildActionMask = 2147483647;
			dstPath = /usr/share/man/man1/;
			dstSubfolderSpec = 0;
			files = (
			);
			runOnlyForDeploymentPostprocessing = 1;
		};
		BBFD1EF21D24FF4600E89BAA /* CopyFiles */ = {
			isa = PBXCopyFilesBuildPhase;
			buildActionMask = 2147483647;
			dstPath = /usr/share/man/man1/;
			dstSubfolderSpec = 0;
			files = (
			);
			runOnlyForDeploymentPostprocessing = 1;
		};
		BBFD1F271D25065000E89BAA /* CopyFiles */ = {
			isa = PBXCopyFilesBuildPhase;
			buildActionMask = 2147483647;
			dstPath = /usr/share/man/man1/;
			dstSubfolderSpec = 0;
			files = (
			);
			runOnlyForDeploymentPostprocessing = 1;
		};
/* End PBXCopyFilesBuildPhase section */

/* Begin PBXFileReference section */
		620B407A1F9CA443009967B1 /* GeoTest.cpp */ = {isa = PBXFileReference; fileEncoding = 4; lastKnownFileType = sourcecode.cpp.cpp; path = GeoTest.cpp; sourceTree = "<group>"; };
		BB16A4EC1D2E2E9C009710F8 /* GeoTest */ = {isa = PBXFileReference; explicitFileType = "compiled.mach-o.executable"; includeInIndex = 0; path = GeoTest; sourceTree = BUILT_PRODUCTS_DIR; };
		BB16A4EE1D2E2E9C009710F8 /* main.cpp */ = {isa = PBXFileReference; lastKnownFileType = sourcecode.cpp.cpp; path = main.cpp; sourceTree = "<group>"; };
		BB16A4F51D2E3033009710F8 /* GeoTest.h */ = {isa = PBXFileReference; lastKnownFileType = sourcecode.c.h; path = GeoTest.h; sourceTree = "<group>"; };
		BB16A4FD1D2E41FE009710F8 /* Scissor */ = {isa = PBXFileReference; explicitFileType = "compiled.mach-o.executable"; includeInIndex = 0; path = Scissor; sourceTree = BUILT_PRODUCTS_DIR; };
		BB16A5071D2E4237009710F8 /* Scissor.cpp */ = {isa = PBXFileReference; fileEncoding = 4; lastKnownFileType = sourcecode.cpp.cpp; path = Scissor.cpp; sourceTree = "<group>"; };
		BB16A50D1D2E45E7009710F8 /* Blending */ = {isa = PBXFileReference; explicitFileType = "compiled.mach-o.executable"; includeInIndex = 0; path = Blending; sourceTree = BUILT_PRODUCTS_DIR; };
		BB16A5171D2E460C009710F8 /* Blending.cpp */ = {isa = PBXFileReference; fileEncoding = 4; lastKnownFileType = sourcecode.cpp.cpp; path = Blending.cpp; sourceTree = "<group>"; };
		BB16A51D1D2F8052009710F8 /* Smoother */ = {isa = PBXFileReference; explicitFileType = "compiled.mach-o.executable"; includeInIndex = 0; path = Smoother; sourceTree = BUILT_PRODUCTS_DIR; };
		BB16A5271D2F80C6009710F8 /* Smoother.cpp */ = {isa = PBXFileReference; fileEncoding = 4; lastKnownFileType = sourcecode.cpp.cpp; path = Smoother.cpp; sourceTree = "<group>"; };
		BBFD1EF41D24FF4600E89BAA /* OGL_03_BaseRender */ = {isa = PBXFileReference; explicitFileType = "compiled.mach-o.executable"; includeInIndex = 0; path = OGL_03_BaseRender; sourceTree = BUILT_PRODUCTS_DIR; };
		BBFD1EF71D24FF4600E89BAA /* main.cpp */ = {isa = PBXFileReference; lastKnownFileType = sourcecode.cpp.cpp; path = main.cpp; sourceTree = "<group>"; };
		BBFD1F0D1D2501C600E89BAA /* glew.h */ = {isa = PBXFileReference; fileEncoding = 4; lastKnownFileType = sourcecode.c.h; path = glew.h; sourceTree = "<group>"; };
		BBFD1F0E1D2501C600E89BAA /* glxew.h */ = {isa = PBXFileReference; fileEncoding = 4; lastKnownFileType = sourcecode.c.h; path = glxew.h; sourceTree = "<group>"; };
		BBFD1F0F1D2501C600E89BAA /* wglew.h */ = {isa = PBXFileReference; fileEncoding = 4; lastKnownFileType = sourcecode.c.h; path = wglew.h; sourceTree = "<group>"; };
		BBFD1F101D2501C600E89BAA /* GLBatch.h */ = {isa = PBXFileReference; fileEncoding = 4; lastKnownFileType = sourcecode.c.h; path = GLBatch.h; sourceTree = "<group>"; };
		BBFD1F111D2501C600E89BAA /* GLBatchBase.h */ = {isa = PBXFileReference; fileEncoding = 4; lastKnownFileType = sourcecode.c.h; path = GLBatchBase.h; sourceTree = "<group>"; };
		BBFD1F121D2501C600E89BAA /* GLFrame.h */ = {isa = PBXFileReference; fileEncoding = 4; lastKnownFileType = sourcecode.c.h; path = GLFrame.h; sourceTree = "<group>"; };
		BBFD1F131D2501C600E89BAA /* GLFrustum.h */ = {isa = PBXFileReference; fileEncoding = 4; lastKnownFileType = sourcecode.c.h; path = GLFrustum.h; sourceTree = "<group>"; };
		BBFD1F141D2501C600E89BAA /* GLGeometryTransform.h */ = {isa = PBXFileReference; fileEncoding = 4; lastKnownFileType = sourcecode.c.h; path = GLGeometryTransform.h; sourceTree = "<group>"; };
		BBFD1F151D2501C600E89BAA /* GLMatrixStack.h */ = {isa = PBXFileReference; fileEncoding = 4; lastKnownFileType = sourcecode.c.h; path = GLMatrixStack.h; sourceTree = "<group>"; };
		BBFD1F161D2501C600E89BAA /* GLShaderManager.h */ = {isa = PBXFileReference; fileEncoding = 4; lastKnownFileType = sourcecode.c.h; path = GLShaderManager.h; sourceTree = "<group>"; };
		BBFD1F171D2501C600E89BAA /* GLTools.h */ = {isa = PBXFileReference; fileEncoding = 4; lastKnownFileType = sourcecode.c.h; path = GLTools.h; sourceTree = "<group>"; };
		BBFD1F181D2501C600E89BAA /* GLTriangleBatch.h */ = {isa = PBXFileReference; fileEncoding = 4; lastKnownFileType = sourcecode.c.h; path = GLTriangleBatch.h; sourceTree = "<group>"; };
		BBFD1F191D2501C600E89BAA /* math3d.h */ = {isa = PBXFileReference; fileEncoding = 4; lastKnownFileType = sourcecode.c.h; path = math3d.h; sourceTree = "<group>"; };
		BBFD1F1A1D2501C600E89BAA /* StopWatch.h */ = {isa = PBXFileReference; fileEncoding = 4; lastKnownFileType = sourcecode.c.h; path = StopWatch.h; sourceTree = "<group>"; };
		BBFD1F1B1D2501C600E89BAA /* libGLTools.a */ = {isa = PBXFileReference; lastKnownFileType = archive.ar; path = libGLTools.a; sourceTree = "<group>"; };
		BBFD1F1D1D25031600E89BAA /* OpenGL.framework */ = {isa = PBXFileReference; lastKnownFileType = wrapper.framework; name = OpenGL.framework; path = System/Library/Frameworks/OpenGL.framework; sourceTree = SDKROOT; };
		BBFD1F1F1D25031C00E89BAA /* GLUT.framework */ = {isa = PBXFileReference; lastKnownFileType = wrapper.framework; name = GLUT.framework; path = System/Library/Frameworks/GLUT.framework; sourceTree = SDKROOT; };
		BBFD1F291D25065000E89BAA /* Primitives */ = {isa = PBXFileReference; explicitFileType = "compiled.mach-o.executable"; includeInIndex = 0; path = Primitives; sourceTree = BUILT_PRODUCTS_DIR; };
		BBFD1F301D25068900E89BAA /* main.cpp */ = {isa = PBXFileReference; fileEncoding = 4; lastKnownFileType = sourcecode.cpp.cpp; path = main.cpp; sourceTree = "<group>"; };
		BBFD1F351D2507CB00E89BAA /* Primitieves.cpp */ = {isa = PBXFileReference; fileEncoding = 4; lastKnownFileType = sourcecode.cpp.cpp; path = Primitieves.cpp; sourceTree = "<group>"; };
		BBFD1F361D2507CB00E89BAA /* Primitieves.hpp */ = {isa = PBXFileReference; fileEncoding = 4; lastKnownFileType = sourcecode.cpp.h; path = Primitieves.hpp; sourceTree = "<group>"; };
/* End PBXFileReference section */

/* Begin PBXFrameworksBuildPhase section */
		BB16A4E91D2E2E9C009710F8 /* Frameworks */ = {
			isa = PBXFrameworksBuildPhase;
			buildActionMask = 2147483647;
			files = (
				BB16A4F71D2E30A9009710F8 /* GLUT.framework in Frameworks */,
				BB16A4F61D2E30A3009710F8 /* libGLTools.a in Frameworks */,
				BB16A4F81D2E30AD009710F8 /* OpenGL.framework in Frameworks */,
			);
			runOnlyForDeploymentPostprocessing = 0;
		};
		BB16A4FA1D2E41FE009710F8 /* Frameworks */ = {
			isa = PBXFrameworksBuildPhase;
			buildActionMask = 2147483647;
			files = (
				BB16A5061D2E420A009710F8 /* libGLTools.a in Frameworks */,
				BB16A5041D2E4205009710F8 /* GLUT.framework in Frameworks */,
				BB16A5051D2E4207009710F8 /* OpenGL.framework in Frameworks */,
			);
			runOnlyForDeploymentPostprocessing = 0;
		};
		BB16A50A1D2E45E7009710F8 /* Frameworks */ = {
			isa = PBXFrameworksBuildPhase;
			buildActionMask = 2147483647;
			files = (
				BB16A5141D2E45ED009710F8 /* GLUT.framework in Frameworks */,
				BB16A5151D2E45EF009710F8 /* OpenGL.framework in Frameworks */,
				BB16A5161D2E45F2009710F8 /* libGLTools.a in Frameworks */,
			);
			runOnlyForDeploymentPostprocessing = 0;
		};
		BB16A51A1D2F8051009710F8 /* Frameworks */ = {
			isa = PBXFrameworksBuildPhase;
			buildActionMask = 2147483647;
			files = (
				BB16A5241D2F8068009710F8 /* GLUT.framework in Frameworks */,
				BB16A5251D2F8069009710F8 /* OpenGL.framework in Frameworks */,
				BB16A5261D2F806C009710F8 /* libGLTools.a in Frameworks */,
			);
			runOnlyForDeploymentPostprocessing = 0;
		};
		BBFD1EF11D24FF4600E89BAA /* Frameworks */ = {
			isa = PBXFrameworksBuildPhase;
			buildActionMask = 2147483647;
			files = (
				BBFD1F1C1D2501C600E89BAA /* libGLTools.a in Frameworks */,
			);
			runOnlyForDeploymentPostprocessing = 0;
		};
		BBFD1F261D25065000E89BAA /* Frameworks */ = {
			isa = PBXFrameworksBuildPhase;
			buildActionMask = 2147483647;
			files = (
				BBFD1F331D2506DF00E89BAA /* GLUT.framework in Frameworks */,
				BBFD1F321D2506D900E89BAA /* OpenGL.framework in Frameworks */,
				BBFD1F341D25076100E89BAA /* libGLTools.a in Frameworks */,
			);
			runOnlyForDeploymentPostprocessing = 0;
		};
/* End PBXFrameworksBuildPhase section */

/* Begin PBXGroup section */
		BB16A4ED1D2E2E9C009710F8 /* GeoTest */ = {
			isa = PBXGroup;
			children = (
				620B407A1F9CA443009967B1 /* GeoTest.cpp */,
				BB16A4F51D2E3033009710F8 /* GeoTest.h */,
				BB16A4EE1D2E2E9C009710F8 /* main.cpp */,
			);
			path = GeoTest;
			sourceTree = "<group>";
		};
		BB16A4FE1D2E41FE009710F8 /* Scissor */ = {
			isa = PBXGroup;
			children = (
				BB16A5071D2E4237009710F8 /* Scissor.cpp */,
			);
			path = Scissor;
			sourceTree = "<group>";
		};
		BB16A50E1D2E45E7009710F8 /* Blending */ = {
			isa = PBXGroup;
			children = (
				BB16A5171D2E460C009710F8 /* Blending.cpp */,
			);
			path = Blending;
			sourceTree = "<group>";
		};
		BB16A51E1D2F8052009710F8 /* Smoother */ = {
			isa = PBXGroup;
			children = (
				BB16A5271D2F80C6009710F8 /* Smoother.cpp */,
			);
			path = Smoother;
			sourceTree = "<group>";
		};
		BBFD1EEB1D24FF4600E89BAA = {
			isa = PBXGroup;
			children = (
				BBFD1EF61D24FF4600E89BAA /* OGL_03_BaseRender */,
				BBFD1F2A1D25065000E89BAA /* Primitives */,
				BB16A4ED1D2E2E9C009710F8 /* GeoTest */,
				BB16A4FE1D2E41FE009710F8 /* Scissor */,
				BB16A50E1D2E45E7009710F8 /* Blending */,
				BB16A51E1D2F8052009710F8 /* Smoother */,
				BBFD1F091D2501A300E89BAA /* Frameworks */,
				BBFD1EF51D24FF4600E89BAA /* Products */,
			);
			sourceTree = "<group>";
		};
		BBFD1EF51D24FF4600E89BAA /* Products */ = {
			isa = PBXGroup;
			children = (
				BBFD1EF41D24FF4600E89BAA /* OGL_03_BaseRender */,
				BBFD1F291D25065000E89BAA /* Primitives */,
				BB16A4EC1D2E2E9C009710F8 /* GeoTest */,
				BB16A4FD1D2E41FE009710F8 /* Scissor */,
				BB16A50D1D2E45E7009710F8 /* Blending */,
				BB16A51D1D2F8052009710F8 /* Smoother */,
			);
			name = Products;
			sourceTree = "<group>";
		};
		BBFD1EF61D24FF4600E89BAA /* OGL_03_BaseRender */ = {
			isa = PBXGroup;
			children = (
				BBFD1EF71D24FF4600E89BAA /* main.cpp */,
			);
			path = OGL_03_BaseRender;
			sourceTree = "<group>";
		};
		BBFD1F091D2501A300E89BAA /* Frameworks */ = {
			isa = PBXGroup;
			children = (
				BBFD1F1F1D25031C00E89BAA /* GLUT.framework */,
				BBFD1F1D1D25031600E89BAA /* OpenGL.framework */,
				BBFD1F0A1D2501C600E89BAA /* GLTools */,
			);
			name = Frameworks;
			sourceTree = "<group>";
		};
		BBFD1F0A1D2501C600E89BAA /* GLTools */ = {
			isa = PBXGroup;
			children = (
				BBFD1F0B1D2501C600E89BAA /* include */,
				BBFD1F1B1D2501C600E89BAA /* libGLTools.a */,
			);
			path = GLTools;
			sourceTree = "<group>";
		};
		BBFD1F0B1D2501C600E89BAA /* include */ = {
			isa = PBXGroup;
			children = (
				BBFD1F0C1D2501C600E89BAA /* GL */,
				BBFD1F101D2501C600E89BAA /* GLBatch.h */,
				BBFD1F111D2501C600E89BAA /* GLBatchBase.h */,
				BBFD1F121D2501C600E89BAA /* GLFrame.h */,
				BBFD1F131D2501C600E89BAA /* GLFrustum.h */,
				BBFD1F141D2501C600E89BAA /* GLGeometryTransform.h */,
				BBFD1F151D2501C600E89BAA /* GLMatrixStack.h */,
				BBFD1F161D2501C600E89BAA /* GLShaderManager.h */,
				BBFD1F171D2501C600E89BAA /* GLTools.h */,
				BBFD1F181D2501C600E89BAA /* GLTriangleBatch.h */,
				BBFD1F191D2501C600E89BAA /* math3d.h */,
				BBFD1F1A1D2501C600E89BAA /* StopWatch.h */,
			);
			path = include;
			sourceTree = "<group>";
		};
		BBFD1F0C1D2501C600E89BAA /* GL */ = {
			isa = PBXGroup;
			children = (
				BBFD1F0D1D2501C600E89BAA /* glew.h */,
				BBFD1F0E1D2501C600E89BAA /* glxew.h */,
				BBFD1F0F1D2501C600E89BAA /* wglew.h */,
			);
			path = GL;
			sourceTree = "<group>";
		};
		BBFD1F2A1D25065000E89BAA /* Primitives */ = {
			isa = PBXGroup;
			children = (
				BBFD1F301D25068900E89BAA /* main.cpp */,
				BBFD1F351D2507CB00E89BAA /* Primitieves.cpp */,
				BBFD1F361D2507CB00E89BAA /* Primitieves.hpp */,
			);
			path = Primitives;
			sourceTree = "<group>";
		};
/* End PBXGroup section */

/* Begin PBXNativeTarget section */
		BB16A4EB1D2E2E9C009710F8 /* GeoTest */ = {
			isa = PBXNativeTarget;
			buildConfigurationList = BB16A4F21D2E2E9C009710F8 /* Build configuration list for PBXNativeTarget "GeoTest" */;
			buildPhases = (
				BB16A4E81D2E2E9C009710F8 /* Sources */,
				BB16A4E91D2E2E9C009710F8 /* Frameworks */,
				BB16A4EA1D2E2E9C009710F8 /* CopyFiles */,
			);
			buildRules = (
			);
			dependencies = (
			);
			name = GeoTest;
			productName = GeoTest;
			productReference = BB16A4EC1D2E2E9C009710F8 /* GeoTest */;
			productType = "com.apple.product-type.tool";
		};
		BB16A4FC1D2E41FE009710F8 /* Scissor */ = {
			isa = PBXNativeTarget;
			buildConfigurationList = BB16A5011D2E41FE009710F8 /* Build configuration list for PBXNativeTarget "Scissor" */;
			buildPhases = (
				BB16A4F91D2E41FE009710F8 /* Sources */,
				BB16A4FA1D2E41FE009710F8 /* Frameworks */,
				BB16A4FB1D2E41FE009710F8 /* CopyFiles */,
			);
			buildRules = (
			);
			dependencies = (
			);
			name = Scissor;
			productName = Scissor;
			productReference = BB16A4FD1D2E41FE009710F8 /* Scissor */;
			productType = "com.apple.product-type.tool";
		};
		BB16A50C1D2E45E7009710F8 /* Blending */ = {
			isa = PBXNativeTarget;
			buildConfigurationList = BB16A5111D2E45E7009710F8 /* Build configuration list for PBXNativeTarget "Blending" */;
			buildPhases = (
				BB16A5091D2E45E7009710F8 /* Sources */,
				BB16A50A1D2E45E7009710F8 /* Frameworks */,
				BB16A50B1D2E45E7009710F8 /* CopyFiles */,
			);
			buildRules = (
			);
			dependencies = (
			);
			name = Blending;
			productName = Blending;
			productReference = BB16A50D1D2E45E7009710F8 /* Blending */;
			productType = "com.apple.product-type.tool";
		};
		BB16A51C1D2F8051009710F8 /* Smoother */ = {
			isa = PBXNativeTarget;
			buildConfigurationList = BB16A5211D2F8052009710F8 /* Build configuration list for PBXNativeTarget "Smoother" */;
			buildPhases = (
				BB16A5191D2F8051009710F8 /* Sources */,
				BB16A51A1D2F8051009710F8 /* Frameworks */,
				BB16A51B1D2F8051009710F8 /* CopyFiles */,
			);
			buildRules = (
			);
			dependencies = (
			);
			name = Smoother;
			productName = Smoother;
			productReference = BB16A51D1D2F8052009710F8 /* Smoother */;
			productType = "com.apple.product-type.tool";
		};
		BBFD1EF31D24FF4600E89BAA /* OGL_03_BaseRender */ = {
			isa = PBXNativeTarget;
			buildConfigurationList = BBFD1EFB1D24FF4600E89BAA /* Build configuration list for PBXNativeTarget "OGL_03_BaseRender" */;
			buildPhases = (
				BBFD1EF01D24FF4600E89BAA /* Sources */,
				BBFD1EF11D24FF4600E89BAA /* Frameworks */,
				BBFD1EF21D24FF4600E89BAA /* CopyFiles */,
			);
			buildRules = (
			);
			dependencies = (
			);
			name = OGL_03_BaseRender;
			productName = OGL_03_BaseRender;
			productReference = BBFD1EF41D24FF4600E89BAA /* OGL_03_BaseRender */;
			productType = "com.apple.product-type.tool";
		};
		BBFD1F281D25065000E89BAA /* Primitives */ = {
			isa = PBXNativeTarget;
			buildConfigurationList = BBFD1F2D1D25065000E89BAA /* Build configuration list for PBXNativeTarget "Primitives" */;
			buildPhases = (
				BBFD1F251D25065000E89BAA /* Sources */,
				BBFD1F261D25065000E89BAA /* Frameworks */,
				BBFD1F271D25065000E89BAA /* CopyFiles */,
			);
			buildRules = (
			);
			dependencies = (
			);
			name = Primitives;
			productName = Primitives;
			productReference = BBFD1F291D25065000E89BAA /* Primitives */;
			productType = "com.apple.product-type.tool";
		};
/* End PBXNativeTarget section */

/* Begin PBXProject section */
		BBFD1EEC1D24FF4600E89BAA /* Project object */ = {
			isa = PBXProject;
			attributes = {
				LastUpgradeCheck = 0730;
				ORGANIZATIONNAME = uwuneng;
				TargetAttributes = {
					BB16A4EB1D2E2E9C009710F8 = {
						CreatedOnToolsVersion = 7.3.1;
					};
					BB16A4FC1D2E41FE009710F8 = {
						CreatedOnToolsVersion = 7.3.1;
					};
					BB16A50C1D2E45E7009710F8 = {
						CreatedOnToolsVersion = 7.3.1;
					};
					BB16A51C1D2F8051009710F8 = {
						CreatedOnToolsVersion = 7.3.1;
					};
					BBFD1EF31D24FF4600E89BAA = {
						CreatedOnToolsVersion = 7.3.1;
					};
					BBFD1F281D25065000E89BAA = {
						CreatedOnToolsVersion = 7.3.1;
					};
				};
			};
			buildConfigurationList = BBFD1EEF1D24FF4600E89BAA /* Build configuration list for PBXProject "OGL_03_BaseRender" */;
			compatibilityVersion = "Xcode 3.2";
			developmentRegion = English;
			hasScannedForEncodings = 0;
			knownRegions = (
				en,
			);
			mainGroup = BBFD1EEB1D24FF4600E89BAA;
			productRefGroup = BBFD1EF51D24FF4600E89BAA /* Products */;
			projectDirPath = "";
			projectRoot = "";
			targets = (
				BBFD1EF31D24FF4600E89BAA /* OGL_03_BaseRender */,
				BBFD1F281D25065000E89BAA /* Primitives */,
				BB16A4EB1D2E2E9C009710F8 /* GeoTest */,
				BB16A4FC1D2E41FE009710F8 /* Scissor */,
				BB16A50C1D2E45E7009710F8 /* Blending */,
				BB16A51C1D2F8051009710F8 /* Smoother */,
			);
		};
/* End PBXProject section */

/* Begin PBXSourcesBuildPhase section */
		BB16A4E81D2E2E9C009710F8 /* Sources */ = {
			isa = PBXSourcesBuildPhase;
			buildActionMask = 2147483647;
			files = (
				BB16A4EF1D2E2E9C009710F8 /* main.cpp in Sources */,
				620B407B1F9CA443009967B1 /* GeoTest.cpp in Sources */,
			);
			runOnlyForDeploymentPostprocessing = 0;
		};
		BB16A4F91D2E41FE009710F8 /* Sources */ = {
			isa = PBXSourcesBuildPhase;
			buildActionMask = 2147483647;
			files = (
				BB16A5081D2E4237009710F8 /* Scissor.cpp in Sources */,
			);
			runOnlyForDeploymentPostprocessing = 0;
		};
		BB16A5091D2E45E7009710F8 /* Sources */ = {
			isa = PBXSourcesBuildPhase;
			buildActionMask = 2147483647;
			files = (
				BB16A5181D2E460C009710F8 /* Blending.cpp in Sources */,
			);
			runOnlyForDeploymentPostprocessing = 0;
		};
		BB16A5191D2F8051009710F8 /* Sources */ = {
			isa = PBXSourcesBuildPhase;
			buildActionMask = 2147483647;
			files = (
				BB16A5281D2F80C6009710F8 /* Smoother.cpp in Sources */,
			);
			runOnlyForDeploymentPostprocessing = 0;
		};
		BBFD1EF01D24FF4600E89BAA /* Sources */ = {
			isa = PBXSourcesBuildPhase;
			buildActionMask = 2147483647;
			files = (
				BBFD1EF81D24FF4600E89BAA /* main.cpp in Sources */,
			);
			runOnlyForDeploymentPostprocessing = 0;
		};
		BBFD1F251D25065000E89BAA /* Sources */ = {
			isa = PBXSourcesBuildPhase;
			buildActionMask = 2147483647;
			files = (
				BBFD1F311D25068900E89BAA /* main.cpp in Sources */,
				BBFD1F371D2507CB00E89BAA /* Primitieves.cpp in Sources */,
			);
			runOnlyForDeploymentPostprocessing = 0;
		};
/* End PBXSourcesBuildPhase section */

/* Begin XCBuildConfiguration section */
		BB16A4F01D2E2E9C009710F8 /* Debug */ = {
			isa = XCBuildConfiguration;
			buildSettings = {
				ALWAYS_SEARCH_USER_PATHS = NO;
				LIBRARY_SEARCH_PATHS = (
					"$(inherited)",
					"$(PROJECT_DIR)/GLTools",
				);
				PRODUCT_NAME = "$(TARGET_NAME)";
			};
			name = Debug;
		};
		BB16A4F11D2E2E9C009710F8 /* Release */ = {
			isa = XCBuildConfiguration;
			buildSettings = {
				ALWAYS_SEARCH_USER_PATHS = NO;
				LIBRARY_SEARCH_PATHS = (
					"$(inherited)",
					"$(PROJECT_DIR)/GLTools",
				);
				PRODUCT_NAME = "$(TARGET_NAME)";
			};
			name = Release;
		};
		BB16A5021D2E41FE009710F8 /* Debug */ = {
			isa = XCBuildConfiguration;
			buildSettings = {
				ALWAYS_SEARCH_USER_PATHS = NO;
				LIBRARY_SEARCH_PATHS = (
					"$(inherited)",
					"$(PROJECT_DIR)/GLTools",
				);
				PRODUCT_NAME = "$(TARGET_NAME)";
			};
			name = Debug;
		};
		BB16A5031D2E41FE009710F8 /* Release */ = {
			isa = XCBuildConfiguration;
			buildSettings = {
				ALWAYS_SEARCH_USER_PATHS = NO;
				LIBRARY_SEARCH_PATHS = (
					"$(inherited)",
					"$(PROJECT_DIR)/GLTools",
				);
				PRODUCT_NAME = "$(TARGET_NAME)";
			};
			name = Release;
		};
		BB16A5121D2E45E7009710F8 /* Debug */ = {
			isa = XCBuildConfiguration;
			buildSettings = {
				ALWAYS_SEARCH_USER_PATHS = NO;
				LIBRARY_SEARCH_PATHS = (
					"$(inherited)",
					"$(PROJECT_DIR)/GLTools",
				);
				PRODUCT_NAME = "$(TARGET_NAME)";
			};
			name = Debug;
		};
		BB16A5131D2E45E7009710F8 /* Release */ = {
			isa = XCBuildConfiguration;
			buildSettings = {
				ALWAYS_SEARCH_USER_PATHS = NO;
				LIBRARY_SEARCH_PATHS = (
					"$(inherited)",
					"$(PROJECT_DIR)/GLTools",
				);
				PRODUCT_NAME = "$(TARGET_NAME)";
			};
			name = Release;
		};
		BB16A5221D2F8052009710F8 /* Debug */ = {
			isa = XCBuildConfiguration;
			buildSettings = {
				ALWAYS_SEARCH_USER_PATHS = NO;
				LIBRARY_SEARCH_PATHS = (
					"$(inherited)",
					"$(PROJECT_DIR)/GLTools",
				);
				PRODUCT_NAME = "$(TARGET_NAME)";
			};
			name = Debug;
		};
		BB16A5231D2F8052009710F8 /* Release */ = {
			isa = XCBuildConfiguration;
			buildSettings = {
				ALWAYS_SEARCH_USER_PATHS = NO;
				LIBRARY_SEARCH_PATHS = (
					"$(inherited)",
					"$(PROJECT_DIR)/GLTools",
				);
				PRODUCT_NAME = "$(TARGET_NAME)";
			};
			name = Release;
		};
		BBFD1EF91D24FF4600E89BAA /* Debug */ = {
			isa = XCBuildConfiguration;
			buildSettings = {
				ALWAYS_SEARCH_USER_PATHS = YES;
				CLANG_ANALYZER_NONNULL = YES;
				CLANG_CXX_LANGUAGE_STANDARD = "gnu++0x";
				CLANG_CXX_LIBRARY = "libc++";
				CLANG_ENABLE_MODULES = YES;
				CLANG_ENABLE_OBJC_ARC = YES;
				CLANG_WARN_BOOL_CONVERSION = YES;
				CLANG_WARN_CONSTANT_CONVERSION = YES;
				CLANG_WARN_DIRECT_OBJC_ISA_USAGE = YES_ERROR;
				CLANG_WARN_EMPTY_BODY = YES;
				CLANG_WARN_ENUM_CONVERSION = YES;
				CLANG_WARN_INT_CONVERSION = YES;
				CLANG_WARN_OBJC_ROOT_CLASS = YES_ERROR;
				CLANG_WARN_UNREACHABLE_CODE = YES;
				CLANG_WARN__DUPLICATE_METHOD_MATCH = YES;
				CODE_SIGN_IDENTITY = "-";
				COPY_PHASE_STRIP = NO;
				DEBUG_INFORMATION_FORMAT = dwarf;
				ENABLE_STRICT_OBJC_MSGSEND = YES;
				ENABLE_TESTABILITY = YES;
				GCC_C_LANGUAGE_STANDARD = gnu99;
				GCC_DYNAMIC_NO_PIC = NO;
				GCC_NO_COMMON_BLOCKS = YES;
				GCC_OPTIMIZATION_LEVEL = 0;
				GCC_PREPROCESSOR_DEFINITIONS = (
					"DEBUG=1",
					"$(inherited)",
				);
				GCC_WARN_64_TO_32_BIT_CONVERSION = YES;
				GCC_WARN_ABOUT_RETURN_TYPE = YES_ERROR;
				GCC_WARN_UNDECLARED_SELECTOR = YES;
				GCC_WARN_UNINITIALIZED_AUTOS = YES_AGGRESSIVE;
				GCC_WARN_UNUSED_FUNCTION = YES;
				GCC_WARN_UNUSED_VARIABLE = YES;
				HEADER_SEARCH_PATHS = "$(SRCROOT)/GLTools/include";
				MACOSX_DEPLOYMENT_TARGET = 10.11;
				MTL_ENABLE_DEBUG_INFO = YES;
				ONLY_ACTIVE_ARCH = YES;
				SDKROOT = macosx;
				WARNING_CFLAGS = "-Wno-deprecated";
			};
			name = Debug;
		};
		BBFD1EFA1D24FF4600E89BAA /* Release */ = {
			isa = XCBuildConfiguration;
			buildSettings = {
				ALWAYS_SEARCH_USER_PATHS = YES;
				CLANG_ANALYZER_NONNULL = YES;
				CLANG_CXX_LANGUAGE_STANDARD = "gnu++0x";
				CLANG_CXX_LIBRARY = "libc++";
				CLANG_ENABLE_MODULES = YES;
				CLANG_ENABLE_OBJC_ARC = YES;
				CLANG_WARN_BOOL_CONVERSION = YES;
				CLANG_WARN_CONSTANT_CONVERSION = YES;
				CLANG_WARN_DIRECT_OBJC_ISA_USAGE = YES_ERROR;
				CLANG_WARN_EMPTY_BODY = YES;
				CLANG_WARN_ENUM_CONVERSION = YES;
				CLANG_WARN_INT_CONVERSION = YES;
				CLANG_WARN_OBJC_ROOT_CLASS = YES_ERROR;
				CLANG_WARN_UNREACHABLE_CODE = YES;
				CLANG_WARN__DUPLICATE_METHOD_MATCH = YES;
				CODE_SIGN_IDENTITY = "-";
				COPY_PHASE_STRIP = NO;
				DEBUG_INFORMATION_FORMAT = "dwarf-with-dsym";
				ENABLE_NS_ASSERTIONS = NO;
				ENABLE_STRICT_OBJC_MSGSEND = YES;
				GCC_C_LANGUAGE_STANDARD = gnu99;
				GCC_NO_COMMON_BLOCKS = YES;
				GCC_WARN_64_TO_32_BIT_CONVERSION = YES;
				GCC_WARN_ABOUT_RETURN_TYPE = YES_ERROR;
				GCC_WARN_UNDECLARED_SELECTOR = YES;
				GCC_WARN_UNINITIALIZED_AUTOS = YES_AGGRESSIVE;
				GCC_WARN_UNUSED_FUNCTION = YES;
				GCC_WARN_UNUSED_VARIABLE = YES;
				HEADER_SEARCH_PATHS = "$(SRCROOT)/GLTools/include";
				MACOSX_DEPLOYMENT_TARGET = 10.11;
				MTL_ENABLE_DEBUG_INFO = NO;
				SDKROOT = macosx;
				WARNING_CFLAGS = "-Wno-deprecated";
			};
			name = Release;
		};
		BBFD1EFC1D24FF4600E89BAA /* Debug */ = {
			isa = XCBuildConfiguration;
			buildSettings = {
				LIBRARY_SEARCH_PATHS = (
					"$(inherited)",
					"$(PROJECT_DIR)/GLTools",
				);
				PRODUCT_NAME = "$(TARGET_NAME)";
			};
			name = Debug;
		};
		BBFD1EFD1D24FF4600E89BAA /* Release */ = {
			isa = XCBuildConfiguration;
			buildSettings = {
				LIBRARY_SEARCH_PATHS = (
					"$(inherited)",
					"$(PROJECT_DIR)/GLTools",
				);
				PRODUCT_NAME = "$(TARGET_NAME)";
			};
			name = Release;
		};
		BBFD1F2E1D25065000E89BAA /* Debug */ = {
			isa = XCBuildConfiguration;
			buildSettings = {
				ALWAYS_SEARCH_USER_PATHS = NO;
				LIBRARY_SEARCH_PATHS = (
					"$(inherited)",
					"$(PROJECT_DIR)/GLTools",
				);
				PRODUCT_NAME = "$(TARGET_NAME)";
				WARNING_CFLAGS = "-Wno-deprecated";
			};
			name = Debug;
		};
		BBFD1F2F1D25065000E89BAA /* Release */ = {
			isa = XCBuildConfiguration;
			buildSettings = {
				ALWAYS_SEARCH_USER_PATHS = NO;
				LIBRARY_SEARCH_PATHS = (
					"$(inherited)",
					"$(PROJECT_DIR)/GLTools",
				);
				PRODUCT_NAME = "$(TARGET_NAME)";
				WARNING_CFLAGS = "-Wno-deprecated";
			};
			name = Release;
		};
/* End XCBuildConfiguration section */

/* Begin XCConfigurationList section */
		BB16A4F21D2E2E9C009710F8 /* Build configuration list for PBXNativeTarget "GeoTest" */ = {
			isa = XCConfigurationList;
			buildConfigurations = (
				BB16A4F01D2E2E9C009710F8 /* Debug */,
				BB16A4F11D2E2E9C009710F8 /* Release */,
			);
			defaultConfigurationIsVisible = 0;
			defaultConfigurationName = Release;
		};
		BB16A5011D2E41FE009710F8 /* Build configuration list for PBXNativeTarget "Scissor" */ = {
			isa = XCConfigurationList;
			buildConfigurations = (
				BB16A5021D2E41FE009710F8 /* Debug */,
				BB16A5031D2E41FE009710F8 /* Release */,
			);
			defaultConfigurationIsVisible = 0;
			defaultConfigurationName = Release;
		};
		BB16A5111D2E45E7009710F8 /* Build configuration list for PBXNativeTarget "Blending" */ = {
			isa = XCConfigurationList;
			buildConfigurations = (
				BB16A5121D2E45E7009710F8 /* Debug */,
				BB16A5131D2E45E7009710F8 /* Release */,
			);
			defaultConfigurationIsVisible = 0;
			defaultConfigurationName = Release;
		};
		BB16A5211D2F8052009710F8 /* Build configuration list for PBXNativeTarget "Smoother" */ = {
			isa = XCConfigurationList;
			buildConfigurations = (
				BB16A5221D2F8052009710F8 /* Debug */,
				BB16A5231D2F8052009710F8 /* Release */,
			);
			defaultConfigurationIsVisible = 0;
			defaultConfigurationName = Release;
		};
		BBFD1EEF1D24FF4600E89BAA /* Build configuration list for PBXProject "OGL_03_BaseRender" */ = {
			isa = XCConfigurationList;
			buildConfigurations = (
				BBFD1EF91D24FF4600E89BAA /* Debug */,
				BBFD1EFA1D24FF4600E89BAA /* Release */,
			);
			defaultConfigurationIsVisible = 0;
			defaultConfigurationName = Release;
		};
		BBFD1EFB1D24FF4600E89BAA /* Build configuration list for PBXNativeTarget "OGL_03_BaseRender" */ = {
			isa = XCConfigurationList;
			buildConfigurations = (
				BBFD1EFC1D24FF4600E89BAA /* Debug */,
				BBFD1EFD1D24FF4600E89BAA /* Release */,
			);
			defaultConfigurationIsVisible = 0;
			defaultConfigurationName = Release;
		};
		BBFD1F2D1D25065000E89BAA /* Build configuration list for PBXNativeTarget "Primitives" */ = {
			isa = XCConfigurationList;
			buildConfigurations = (
				BBFD1F2E1D25065000E89BAA /* Debug */,
				BBFD1F2F1D25065000E89BAA /* Release */,
			);
			defaultConfigurationIsVisible = 0;
			defaultConfigurationName = Release;
		};
/* End XCConfigurationList section */
	};
	rootObject = BBFD1EEC1D24FF4600E89BAA /* Project object */;
}
