// !$*UTF8*$!
{
	archiveVersion = 1;
	classes = {
	};
	objectVersion = 45;
	objects = {

/* Begin PBXBuildFile section */
		BB5F7F371D237719002146AE /* glew.h in Headers */ = {isa = PBXBuildFile; fileRef = BB5F7F291D237719002146AE /* glew.h */; };
		BB5F7F381D237719002146AE /* glxew.h in Headers */ = {isa = PBXBuildFile; fileRef = BB5F7F2A1D237719002146AE /* glxew.h */; };
		BB5F7F391D237719002146AE /* wglew.h in Headers */ = {isa = PBXBuildFile; fileRef = BB5F7F2B1D237719002146AE /* wglew.h */; };
		BB5F7F3A1D237719002146AE /* GLBatch.h in Headers */ = {isa = PBXBuildFile; fileRef = BB5F7F2C1D237719002146AE /* GLBatch.h */; };
		BB5F7F3B1D237719002146AE /* GLBatchBase.h in Headers */ = {isa = PBXBuildFile; fileRef = BB5F7F2D1D237719002146AE /* GLBatchBase.h */; };
		BB5F7F3C1D237719002146AE /* GLFrame.h in Headers */ = {isa = PBXBuildFile; fileRef = BB5F7F2E1D237719002146AE /* GLFrame.h */; };
		BB5F7F3D1D237719002146AE /* GLFrustum.h in Headers */ = {isa = PBXBuildFile; fileRef = BB5F7F2F1D237719002146AE /* GLFrustum.h */; };
		BB5F7F3E1D237719002146AE /* GLGeometryTransform.h in Headers */ = {isa = PBXBuildFile; fileRef = BB5F7F301D237719002146AE /* GLGeometryTransform.h */; };
		BB5F7F3F1D237719002146AE /* GLMatrixStack.h in Headers */ = {isa = PBXBuildFile; fileRef = BB5F7F311D237719002146AE /* GLMatrixStack.h */; };
		BB5F7F401D237719002146AE /* GLShaderManager.h in Headers */ = {isa = PBXBuildFile; fileRef = BB5F7F321D237719002146AE /* GLShaderManager.h */; };
		BB5F7F411D237719002146AE /* GLTools.h in Headers */ = {isa = PBXBuildFile; fileRef = BB5F7F331D237719002146AE /* GLTools.h */; };
		BB5F7F421D237719002146AE /* GLTriangleBatch.h in Headers */ = {isa = PBXBuildFile; fileRef = BB5F7F341D237719002146AE /* GLTriangleBatch.h */; };
		BB5F7F431D237719002146AE /* math3d.h in Headers */ = {isa = PBXBuildFile; fileRef = BB5F7F351D237719002146AE /* math3d.h */; };
		BB5F7F441D237719002146AE /* StopWatch.h in Headers */ = {isa = PBXBuildFile; fileRef = BB5F7F361D237719002146AE /* StopWatch.h */; };
		BBFD1EE51D24E75F00E89BAA /* GLBatch.cpp in Sources */ = {isa = PBXBuildFile; fileRef = BBFD1EDF1D24E75F00E89BAA /* GLBatch.cpp */; };
		BBFD1EE61D24E75F00E89BAA /* glew.c in Sources */ = {isa = PBXBuildFile; fileRef = BBFD1EE01D24E75F00E89BAA /* glew.c */; };
		BBFD1EE71D24E75F00E89BAA /* GLShaderManager.cpp in Sources */ = {isa = PBXBuildFile; fileRef = BBFD1EE11D24E75F00E89BAA /* GLShaderManager.cpp */; };
		BBFD1EE81D24E75F00E89BAA /* GLTools.cpp in Sources */ = {isa = PBXBuildFile; fileRef = BBFD1EE21D24E75F00E89BAA /* GLTools.cpp */; };
		BBFD1EE91D24E75F00E89BAA /* GLTriangleBatch.cpp in Sources */ = {isa = PBXBuildFile; fileRef = BBFD1EE31D24E75F00E89BAA /* GLTriangleBatch.cpp */; };
		BBFD1EEA1D24E75F00E89BAA /* math3d.cpp in Sources */ = {isa = PBXBuildFile; fileRef = BBFD1EE41D24E75F00E89BAA /* math3d.cpp */; };
/* End PBXBuildFile section */

/* Begin PBXFileReference section */
		BB5F7F291D237719002146AE /* glew.h */ = {isa = PBXFileReference; fileEncoding = 4; lastKnownFileType = sourcecode.c.h; path = glew.h; sourceTree = "<group>"; };
		BB5F7F2A1D237719002146AE /* glxew.h */ = {isa = PBXFileReference; fileEncoding = 4; lastKnownFileType = sourcecode.c.h; path = glxew.h; sourceTree = "<group>"; };
		BB5F7F2B1D237719002146AE /* wglew.h */ = {isa = PBXFileReference; fileEncoding = 4; lastKnownFileType = sourcecode.c.h; path = wglew.h; sourceTree = "<group>"; };
		BB5F7F2C1D237719002146AE /* GLBatch.h */ = {isa = PBXFileReference; fileEncoding = 4; lastKnownFileType = sourcecode.c.h; path = GLBatch.h; sourceTree = "<group>"; };
		BB5F7F2D1D237719002146AE /* GLBatchBase.h */ = {isa = PBXFileReference; fileEncoding = 4; lastKnownFileType = sourcecode.c.h; path = GLBatchBase.h; sourceTree = "<group>"; };
		BB5F7F2E1D237719002146AE /* GLFrame.h */ = {isa = PBXFileReference; fileEncoding = 4; lastKnownFileType = sourcecode.c.h; path = GLFrame.h; sourceTree = "<group>"; };
		BB5F7F2F1D237719002146AE /* GLFrustum.h */ = {isa = PBXFileReference; fileEncoding = 4; lastKnownFileType = sourcecode.c.h; path = GLFrustum.h; sourceTree = "<group>"; };
		BB5F7F301D237719002146AE /* GLGeometryTransform.h */ = {isa = PBXFileReference; fileEncoding = 4; lastKnownFileType = sourcecode.c.h; path = GLGeometryTransform.h; sourceTree = "<group>"; };
		BB5F7F311D237719002146AE /* GLMatrixStack.h */ = {isa = PBXFileReference; fileEncoding = 4; lastKnownFileType = sourcecode.c.h; path = GLMatrixStack.h; sourceTree = "<group>"; };
		BB5F7F321D237719002146AE /* GLShaderManager.h */ = {isa = PBXFileReference; fileEncoding = 4; lastKnownFileType = sourcecode.c.h; path = GLShaderManager.h; sourceTree = "<group>"; };
		BB5F7F331D237719002146AE /* GLTools.h */ = {isa = PBXFileReference; fileEncoding = 4; lastKnownFileType = sourcecode.c.h; path = GLTools.h; sourceTree = "<group>"; };
		BB5F7F341D237719002146AE /* GLTriangleBatch.h */ = {isa = PBXFileReference; fileEncoding = 4; lastKnownFileType = sourcecode.c.h; path = GLTriangleBatch.h; sourceTree = "<group>"; };
		BB5F7F351D237719002146AE /* math3d.h */ = {isa = PBXFileReference; fileEncoding = 4; lastKnownFileType = sourcecode.c.h; path = math3d.h; sourceTree = "<group>"; };
		BB5F7F361D237719002146AE /* StopWatch.h */ = {isa = PBXFileReference; fileEncoding = 4; lastKnownFileType = sourcecode.c.h; path = StopWatch.h; sourceTree = "<group>"; };
		BBFD1EDF1D24E75F00E89BAA /* GLBatch.cpp */ = {isa = PBXFileReference; fileEncoding = 4; lastKnownFileType = sourcecode.cpp.cpp; path = GLBatch.cpp; sourceTree = "<group>"; };
		BBFD1EE01D24E75F00E89BAA /* glew.c */ = {isa = PBXFileReference; fileEncoding = 4; lastKnownFileType = sourcecode.c.c; path = glew.c; sourceTree = "<group>"; };
		BBFD1EE11D24E75F00E89BAA /* GLShaderManager.cpp */ = {isa = PBXFileReference; fileEncoding = 4; lastKnownFileType = sourcecode.cpp.cpp; path = GLShaderManager.cpp; sourceTree = "<group>"; };
		BBFD1EE21D24E75F00E89BAA /* GLTools.cpp */ = {isa = PBXFileReference; fileEncoding = 4; lastKnownFileType = sourcecode.cpp.cpp; path = GLTools.cpp; sourceTree = "<group>"; };
		BBFD1EE31D24E75F00E89BAA /* GLTriangleBatch.cpp */ = {isa = PBXFileReference; fileEncoding = 4; lastKnownFileType = sourcecode.cpp.cpp; path = GLTriangleBatch.cpp; sourceTree = "<group>"; };
		BBFD1EE41D24E75F00E89BAA /* math3d.cpp */ = {isa = PBXFileReference; fileEncoding = 4; lastKnownFileType = sourcecode.cpp.cpp; path = math3d.cpp; sourceTree = "<group>"; };
		D2AAC046055464E500DB518D /* libGLTools.a */ = {isa = PBXFileReference; explicitFileType = archive.ar; includeInIndex = 0; path = libGLTools.a; sourceTree = BUILT_PRODUCTS_DIR; };
/* End PBXFileReference section */

/* Begin PBXFrameworksBuildPhase section */
		D289987405E68DCB004EDB86 /* Frameworks */ = {
			isa = PBXFrameworksBuildPhase;
			buildActionMask = 2147483647;
			files = (
			);
			runOnlyForDeploymentPostprocessing = 0;
		};
/* End PBXFrameworksBuildPhase section */

/* Begin PBXGroup section */
		08FB7794FE84155DC02AAC07 /* GLTools */ = {
			isa = PBXGroup;
			children = (
				BBFD1EDE1D24E75F00E89BAA /* src */,
				BB5F7F271D237719002146AE /* include */,
				C6A0FF2B0290797F04C91782 /* Documentation */,
				1AB674ADFE9D54B511CA2CBB /* Products */,
			);
			name = GLTools;
			sourceTree = "<group>";
		};
		1AB674ADFE9D54B511CA2CBB /* Products */ = {
			isa = PBXGroup;
			children = (
				D2AAC046055464E500DB518D /* libGLTools.a */,
			);
			name = Products;
			sourceTree = "<group>";
		};
		BB5F7F271D237719002146AE /* include */ = {
			isa = PBXGroup;
			children = (
				BB5F7F281D237719002146AE /* GL */,
				BB5F7F2C1D237719002146AE /* GLBatch.h */,
				BB5F7F2D1D237719002146AE /* GLBatchBase.h */,
				BB5F7F2E1D237719002146AE /* GLFrame.h */,
				BB5F7F2F1D237719002146AE /* GLFrustum.h */,
				BB5F7F301D237719002146AE /* GLGeometryTransform.h */,
				BB5F7F311D237719002146AE /* GLMatrixStack.h */,
				BB5F7F321D237719002146AE /* GLShaderManager.h */,
				BB5F7F331D237719002146AE /* GLTools.h */,
				BB5F7F341D237719002146AE /* GLTriangleBatch.h */,
				BB5F7F351D237719002146AE /* math3d.h */,
				BB5F7F361D237719002146AE /* StopWatch.h */,
			);
			path = include;
			sourceTree = "<group>";
		};
		BB5F7F281D237719002146AE /* GL */ = {
			isa = PBXGroup;
			children = (
				BB5F7F291D237719002146AE /* glew.h */,
				BB5F7F2A1D237719002146AE /* glxew.h */,
				BB5F7F2B1D237719002146AE /* wglew.h */,
			);
			path = GL;
			sourceTree = "<group>";
		};
		BBFD1EDE1D24E75F00E89BAA /* src */ = {
			isa = PBXGroup;
			children = (
				BBFD1EDF1D24E75F00E89BAA /* GLBatch.cpp */,
				BBFD1EE01D24E75F00E89BAA /* glew.c */,
				BBFD1EE11D24E75F00E89BAA /* GLShaderManager.cpp */,
				BBFD1EE21D24E75F00E89BAA /* GLTools.cpp */,
				BBFD1EE31D24E75F00E89BAA /* GLTriangleBatch.cpp */,
				BBFD1EE41D24E75F00E89BAA /* math3d.cpp */,
			);
			path = src;
			sourceTree = "<group>";
		};
		C6A0FF2B0290797F04C91782 /* Documentation */ = {
			isa = PBXGroup;
			children = (
			);
			name = Documentation;
			sourceTree = "<group>";
		};
/* End PBXGroup section */

/* Begin PBXHeadersBuildPhase section */
		D2AAC043055464E500DB518D /* Headers */ = {
			isa = PBXHeadersBuildPhase;
			buildActionMask = 2147483647;
			files = (
				BB5F7F441D237719002146AE /* StopWatch.h in Headers */,
				BB5F7F431D237719002146AE /* math3d.h in Headers */,
				BB5F7F3D1D237719002146AE /* GLFrustum.h in Headers */,
				BB5F7F3F1D237719002146AE /* GLMatrixStack.h in Headers */,
				BB5F7F3A1D237719002146AE /* GLBatch.h in Headers */,
				BB5F7F391D237719002146AE /* wglew.h in Headers */,
				BB5F7F3B1D237719002146AE /* GLBatchBase.h in Headers */,
				BB5F7F3C1D237719002146AE /* GLFrame.h in Headers */,
				BB5F7F421D237719002146AE /* GLTriangleBatch.h in Headers */,
				BB5F7F381D237719002146AE /* glxew.h in Headers */,
				BB5F7F3E1D237719002146AE /* GLGeometryTransform.h in Headers */,
				BB5F7F411D237719002146AE /* GLTools.h in Headers */,
				BB5F7F401D237719002146AE /* GLShaderManager.h in Headers */,
				BB5F7F371D237719002146AE /* glew.h in Headers */,
			);
			runOnlyForDeploymentPostprocessing = 0;
		};
/* End PBXHeadersBuildPhase section */

/* Begin PBXNativeTarget section */
		D2AAC045055464E500DB518D /* GLTools */ = {
			isa = PBXNativeTarget;
			buildConfigurationList = 1DEB91EB08733DB70010E9CD /* Build configuration list for PBXNativeTarget "GLTools" */;
			buildPhases = (
				D2AAC043055464E500DB518D /* Headers */,
				D2AAC044055464E500DB518D /* Sources */,
				D289987405E68DCB004EDB86 /* Frameworks */,
			);
			buildRules = (
			);
			dependencies = (
			);
			name = GLTools;
			productName = GLTools;
			productReference = D2AAC046055464E500DB518D /* libGLTools.a */;
			productType = "com.apple.product-type.library.static";
		};
/* End PBXNativeTarget section */

/* Begin PBXProject section */
		08FB7793FE84155DC02AAC07 /* Project object */ = {
			isa = PBXProject;
			attributes = {
			};
			buildConfigurationList = 1DEB91EF08733DB70010E9CD /* Build configuration list for PBXProject "GLTools" */;
			compatibilityVersion = "Xcode 3.1";
			developmentRegion = English;
			hasScannedForEncodings = 1;
			knownRegions = (
				en,
			);
			mainGroup = 08FB7794FE84155DC02AAC07 /* GLTools */;
			projectDirPath = "";
			projectRoot = "";
			targets = (
				D2AAC045055464E500DB518D /* GLTools */,
			);
		};
/* End PBXProject section */

/* Begin PBXSourcesBuildPhase section */
		D2AAC044055464E500DB518D /* Sources */ = {
			isa = PBXSourcesBuildPhase;
			buildActionMask = 2147483647;
			files = (
				BBFD1EE81D24E75F00E89BAA /* GLTools.cpp in Sources */,
				BBFD1EE91D24E75F00E89BAA /* GLTriangleBatch.cpp in Sources */,
				BBFD1EE61D24E75F00E89BAA /* glew.c in Sources */,
				BBFD1EE71D24E75F00E89BAA /* GLShaderManager.cpp in Sources */,
				BBFD1EEA1D24E75F00E89BAA /* math3d.cpp in Sources */,
				BBFD1EE51D24E75F00E89BAA /* GLBatch.cpp in Sources */,
			);
			runOnlyForDeploymentPostprocessing = 0;
		};
/* End PBXSourcesBuildPhase section */

/* Begin XCBuildConfiguration section */
		1DEB91EC08733DB70010E9CD /* Debug */ = {
			isa = XCBuildConfiguration;
			buildSettings = {
				ALWAYS_SEARCH_USER_PATHS = YES;
				ARCHS = "$(ARCHS_STANDARD)";
				COPY_PHASE_STRIP = NO;
				GCC_DYNAMIC_NO_PIC = NO;
				GCC_ENABLE_FIX_AND_CONTINUE = YES;
				GCC_MODEL_TUNING = G5;
				GCC_OPTIMIZATION_LEVEL = 0;
				HEADER_SEARCH_PATHS = (
					"$(GLTOOLS_INCLUDE)",
					"$(SRCROOT)/include",
				);
				INSTALL_PATH = /usr/local/lib;
				PRODUCT_NAME = GLTools;
				SDKROOT = macosx;
			};
			name = Debug;
		};
		1DEB91ED08733DB70010E9CD /* Release */ = {
			isa = XCBuildConfiguration;
			buildSettings = {
				ALWAYS_SEARCH_USER_PATHS = YES;
				ARCHS = "$(ARCHS_STANDARD)";
				DEBUG_INFORMATION_FORMAT = "dwarf-with-dsym";
				GCC_MODEL_TUNING = G5;
				HEADER_SEARCH_PATHS = (
					"$(GLTOOLS_INCLUDE)",
					"$(SRCROOT)/include",
				);
				INSTALL_PATH = /usr/local/lib;
				PRODUCT_NAME = GLTools;
				SDKROOT = macosx;
			};
			name = Release;
		};
		1DEB91F008733DB70010E9CD /* Debug */ = {
			isa = XCBuildConfiguration;
			buildSettings = {
				ARCHS = "$(ARCHS_STANDARD_32_64_BIT)";
				COPY_PHASE_STRIP = NO;
				GCC_C_LANGUAGE_STANDARD = gnu99;
				GCC_OPTIMIZATION_LEVEL = 0;
				GCC_WARN_ABOUT_RETURN_TYPE = YES;
				GCC_WARN_UNUSED_VARIABLE = YES;
				HEADER_SEARCH_PATHS = "$(GLTOOLS_INCLUDE)";
				ONLY_ACTIVE_ARCH = YES;
				PREBINDING = NO;
				SDKROOT = macosx10.6;
			};
			name = Debug;
		};
		1DEB91F108733DB70010E9CD /* Release */ = {
			isa = XCBuildConfiguration;
			buildSettings = {
				ARCHS = "$(ARCHS_STANDARD_32_64_BIT)";
				COPY_PHASE_STRIP = NO;
				GCC_C_LANGUAGE_STANDARD = gnu99;
				GCC_WARN_ABOUT_RETURN_TYPE = YES;
				GCC_WARN_UNUSED_VARIABLE = YES;
				HEADER_SEARCH_PATHS = "$(GLTOOLS_INCLUDE)";
				PREBINDING = NO;
				SDKROOT = macosx10.6;
			};
			name = Release;
		};
/* End XCBuildConfiguration section */

/* Begin XCConfigurationList section */
		1DEB91EB08733DB70010E9CD /* Build configuration list for PBXNativeTarget "GLTools" */ = {
			isa = XCConfigurationList;
			buildConfigurations = (
				1DEB91EC08733DB70010E9CD /* Debug */,
				1DEB91ED08733DB70010E9CD /* Release */,
			);
			defaultConfigurationIsVisible = 0;
			defaultConfigurationName = Release;
		};
		1DEB91EF08733DB70010E9CD /* Build configuration list for PBXProject "GLTools" */ = {
			isa = XCConfigurationList;
			buildConfigurations = (
				1DEB91F008733DB70010E9CD /* Debug */,
				1DEB91F108733DB70010E9CD /* Release */,
			);
			defaultConfigurationIsVisible = 0;
			defaultConfigurationName = Release;
		};
/* End XCConfigurationList section */
	};
	rootObject = 08FB7793FE84155DC02AAC07 /* Project object */;
}
