// !$*UTF8*$!
{
	archiveVersion = 1;
	classes = {
	};
	objectVersion = 46;
	objects = {

/* Begin PBXBuildFile section */
		BB13E6121D1A59790071178C /* main.cpp in Sources */ = {isa = PBXBuildFile; fileRef = BB13E6111D1A59790071178C /* main.cpp */; };
		BB13E6191D1A59990071178C /* OpenGL.framework in Frameworks */ = {isa = PBXBuildFile; fileRef = BB13E6181D1A59990071178C /* OpenGL.framework */; };
		BB13E61B1D1A59A10071178C /* GLUT.framework in Frameworks */ = {isa = PBXBuildFile; fileRef = BB13E61A1D1A59A10071178C /* GLUT.framework */; };
/* End PBXBuildFile section */

/* Begin PBXCopyFilesBuildPhase section */
		BB13E60C1D1A59790071178C /* CopyFiles */ = {
			isa = PBXCopyFilesBuildPhase;
			buildActionMask = 2147483647;
			dstPath = /usr/share/man/man1/;
			dstSubfolderSpec = 0;
			files = (
			);
			runOnlyForDeploymentPostprocessing = 1;
		};
/* End PBXCopyFilesBuildPhase section */

/* Begin PBXFileReference section */
		BB13E60E1D1A59790071178C /* OpenGL_Ch_02 */ = {isa = PBXFileReference; explicitFileType = "compiled.mach-o.executable"; includeInIndex = 0; path = OpenGL_Ch_02; sourceTree = BUILT_PRODUCTS_DIR; };
		BB13E6111D1A59790071178C /* main.cpp */ = {isa = PBXFileReference; lastKnownFileType = sourcecode.cpp.cpp; path = main.cpp; sourceTree = "<group>"; };
		BB13E6181D1A59990071178C /* OpenGL.framework */ = {isa = PBXFileReference; lastKnownFileType = wrapper.framework; name = OpenGL.framework; path = System/Library/Frameworks/OpenGL.framework; sourceTree = SDKROOT; };
		BB13E61A1D1A59A10071178C /* GLUT.framework */ = {isa = PBXFileReference; lastKnownFileType = wrapper.framework; name = GLUT.framework; path = System/Library/Frameworks/GLUT.framework; sourceTree = SDKROOT; };
/* End PBXFileReference section */

/* Begin PBXFrameworksBuildPhase section */
		BB13E60B1D1A59790071178C /* Frameworks */ = {
			isa = PBXFrameworksBuildPhase;
			buildActionMask = 2147483647;
			files = (
				BB13E61B1D1A59A10071178C /* GLUT.framework in Frameworks */,
				BB13E6191D1A59990071178C /* OpenGL.framework in Frameworks */,
			);
			runOnlyForDeploymentPostprocessing = 0;
		};
/* End PBXFrameworksBuildPhase section */

/* Begin PBXGroup section */
		BB13E6051D1A59790071178C = {
			isa = PBXGroup;
			children = (
				BB13E61C1D1A59A50071178C /* Frameworks */,
				BB13E6101D1A59790071178C /* OpenGL_Ch_02 */,
				BB13E60F1D1A59790071178C /* Products */,
			);
			sourceTree = "<group>";
		};
		BB13E60F1D1A59790071178C /* Products */ = {
			isa = PBXGroup;
			children = (
				BB13E60E1D1A59790071178C /* OpenGL_Ch_02 */,
			);
			name = Products;
			sourceTree = "<group>";
		};
		BB13E6101D1A59790071178C /* OpenGL_Ch_02 */ = {
			isa = PBXGroup;
			children = (
				BB13E6111D1A59790071178C /* main.cpp */,
			);
			path = OpenGL_Ch_02;
			sourceTree = "<group>";
		};
		BB13E61C1D1A59A50071178C /* Frameworks */ = {
			isa = PBXGroup;
			children = (
				BB13E61A1D1A59A10071178C /* GLUT.framework */,
				BB13E6181D1A59990071178C /* OpenGL.framework */,
			);
			name = Frameworks;
			sourceTree = "<group>";
		};
/* End PBXGroup section */

/* Begin PBXNativeTarget section */
		BB13E60D1D1A59790071178C /* OpenGL_Ch_02 */ = {
			isa = PBXNativeTarget;
			buildConfigurationList = BB13E6151D1A59790071178C /* Build configuration list for PBXNativeTarget "OpenGL_Ch_02" */;
			buildPhases = (
				BB13E60A1D1A59790071178C /* Sources */,
				BB13E60B1D1A59790071178C /* Frameworks */,
				BB13E60C1D1A59790071178C /* CopyFiles */,
			);
			buildRules = (
			);
			dependencies = (
			);
			name = OpenGL_Ch_02;
			productName = OpenGL_Ch_02;
			productReference = BB13E60E1D1A59790071178C /* OpenGL_Ch_02 */;
			productType = "com.apple.product-type.tool";
		};
/* End PBXNativeTarget section */

/* Begin PBXProject section */
		BB13E6061D1A59790071178C /* Project object */ = {
			isa = PBXProject;
			attributes = {
				LastUpgradeCheck = 0730;
				ORGANIZATIONNAME = uwuneng;
				TargetAttributes = {
					BB13E60D1D1A59790071178C = {
						CreatedOnToolsVersion = 7.3.1;
					};
				};
			};
			buildConfigurationList = BB13E6091D1A59790071178C /* Build configuration list for PBXProject "OpenGL_Ch_02" */;
			compatibilityVersion = "Xcode 3.2";
			developmentRegion = English;
			hasScannedForEncodings = 0;
			knownRegions = (
				en,
			);
			mainGroup = BB13E6051D1A59790071178C;
			productRefGroup = BB13E60F1D1A59790071178C /* Products */;
			projectDirPath = "";
			projectRoot = "";
			targets = (
				BB13E60D1D1A59790071178C /* OpenGL_Ch_02 */,
			);
		};
/* End PBXProject section */

/* Begin PBXSourcesBuildPhase section */
		BB13E60A1D1A59790071178C /* Sources */ = {
			isa = PBXSourcesBuildPhase;
			buildActionMask = 2147483647;
			files = (
				BB13E6121D1A59790071178C /* main.cpp in Sources */,
			);
			runOnlyForDeploymentPostprocessing = 0;
		};
/* End PBXSourcesBuildPhase section */

/* Begin XCBuildConfiguration section */
		BB13E6131D1A59790071178C /* Debug */ = {
			isa = XCBuildConfiguration;
			buildSettings = {
				ALWAYS_SEARCH_USER_PATHS = NO;
				CLANG_ANALYZER_NONNULL = YES;
				CLANG_CXX_LANGUAGE_STANDARD = "gnu++0x";
				CLANG_CXX_LIBRARY = "libc++";
				CLANG_ENABLE_MODULES = YES;
				CLANG_ENABLE_OBJC_ARC = YES;
				CLANG_WARN_BOOL_CONVERSION = YES;
				CLANG_WARN_CONSTANT_CONVERSION = YES;
				CLANG_WARN_DIRECT_OBJC_ISA_USAGE = YES_ERROR;
				CLANG_WARN_EMPTY_BODY = YES;
				CLANG_WARN_ENUM_CONVERSION = YES;
				CLANG_WARN_INT_CONVERSION = YES;
				CLANG_WARN_OBJC_ROOT_CLASS = YES_ERROR;
				CLANG_WARN_UNREACHABLE_CODE = YES;
				CLANG_WARN__DUPLICATE_METHOD_MATCH = YES;
				CODE_SIGN_IDENTITY = "-";
				COPY_PHASE_STRIP = NO;
				DEBUG_INFORMATION_FORMAT = dwarf;
				ENABLE_STRICT_OBJC_MSGSEND = YES;
				ENABLE_TESTABILITY = YES;
				GCC_C_LANGUAGE_STANDARD = gnu99;
				GCC_DYNAMIC_NO_PIC = NO;
				GCC_NO_COMMON_BLOCKS = YES;
				GCC_OPTIMIZATION_LEVEL = 0;
				GCC_PREPROCESSOR_DEFINITIONS = (
					"DEBUG=1",
					"$(inherited)",
				);
				GCC_WARN_64_TO_32_BIT_CONVERSION = YES;
				GCC_WARN_ABOUT_RETURN_TYPE = YES_ERROR;
				GCC_WARN_UNDECLARED_SELECTOR = YES;
				GCC_WARN_UNINITIALIZED_AUTOS = YES_AGGRESSIVE;
				GCC_WARN_UNUSED_FUNCTION = YES;
				GCC_WARN_UNUSED_VARIABLE = YES;
				MACOSX_DEPLOYMENT_TARGET = 10.11;
				MTL_ENABLE_DEBUG_INFO = YES;
				ONLY_ACTIVE_ARCH = YES;
				SDKROOT = macosx;
			};
			name = Debug;
		};
		BB13E6141D1A59790071178C /* Release */ = {
			isa = XCBuildConfiguration;
			buildSettings = {
				ALWAYS_SEARCH_USER_PATHS = NO;
				CLANG_ANALYZER_NONNULL = YES;
				CLANG_CXX_LANGUAGE_STANDARD = "gnu++0x";
				CLANG_CXX_LIBRARY = "libc++";
				CLANG_ENABLE_MODULES = YES;
				CLANG_ENABLE_OBJC_ARC = YES;
				CLANG_WARN_BOOL_CONVERSION = YES;
				CLANG_WARN_CONSTANT_CONVERSION = YES;
				CLANG_WARN_DIRECT_OBJC_ISA_USAGE = YES_ERROR;
				CLANG_WARN_EMPTY_BODY = YES;
				CLANG_WARN_ENUM_CONVERSION = YES;
				CLANG_WARN_INT_CONVERSION = YES;
				CLANG_WARN_OBJC_ROOT_CLASS = YES_ERROR;
				CLANG_WARN_UNREACHABLE_CODE = YES;
				CLANG_WARN__DUPLICATE_METHOD_MATCH = YES;
				CODE_SIGN_IDENTITY = "-";
				COPY_PHASE_STRIP = NO;
				DEBUG_INFORMATION_FORMAT = "dwarf-with-dsym";
				ENABLE_NS_ASSERTIONS = NO;
				ENABLE_STRICT_OBJC_MSGSEND = YES;
				GCC_C_LANGUAGE_STANDARD = gnu99;
				GCC_NO_COMMON_BLOCKS = YES;
				GCC_WARN_64_TO_32_BIT_CONVERSION = YES;
				GCC_WARN_ABOUT_RETURN_TYPE = YES_ERROR;
				GCC_WARN_UNDECLARED_SELECTOR = YES;
				GCC_WARN_UNINITIALIZED_AUTOS = YES_AGGRESSIVE;
				GCC_WARN_UNUSED_FUNCTION = YES;
				GCC_WARN_UNUSED_VARIABLE = YES;
				MACOSX_DEPLOYMENT_TARGET = 10.11;
				MTL_ENABLE_DEBUG_INFO = NO;
				SDKROOT = macosx;
			};
			name = Release;
		};
		BB13E6161D1A59790071178C /* Debug */ = {
			isa = XCBuildConfiguration;
			buildSettings = {
				PRODUCT_NAME = "$(TARGET_NAME)";
				WARNING_CFLAGS = "-Wno-deprecated-declarations";
			};
			name = Debug;
		};
		BB13E6171D1A59790071178C /* Release */ = {
			isa = XCBuildConfiguration;
			buildSettings = {
				PRODUCT_NAME = "$(TARGET_NAME)";
				WARNING_CFLAGS = "-Wno-deprecated-declarations";
			};
			name = Release;
		};
/* End XCBuildConfiguration section */

/* Begin XCConfigurationList section */
		BB13E6091D1A59790071178C /* Build configuration list for PBXProject "OpenGL_Ch_02" */ = {
			isa = XCConfigurationList;
			buildConfigurations = (
				BB13E6131D1A59790071178C /* Debug */,
				BB13E6141D1A59790071178C /* Release */,
			);
			defaultConfigurationIsVisible = 0;
			defaultConfigurationName = Release;
		};
		BB13E6151D1A59790071178C /* Build configuration list for PBXNativeTarget "OpenGL_Ch_02" */ = {
			isa = XCConfigurationList;
			buildConfigurations = (
				BB13E6161D1A59790071178C /* Debug */,
				BB13E6171D1A59790071178C /* Release */,
			);
			defaultConfigurationIsVisible = 0;
		};
/* End XCConfigurationList section */
	};
	rootObject = BB13E6061D1A59790071178C /* Project object */;
}
