// !$*UTF8*$!
{
	archiveVersion = 1;
	classes = {
	};
	objectVersion = 48;
	objects = {

/* Begin PBXBuildFile section */
		62021295208C6E98000ACF78 /* ScreenPt.cpp in Sources */ = {isa = PBXBuildFile; fileRef = 62021293208C6E98000ACF78 /* ScreenPt.cpp */; };
		620212AB208E279B000ACF78 /* LineGraph.cpp in Sources */ = {isa = PBXBuildFile; fileRef = 620212A9208E279B000ACF78 /* LineGraph.cpp */; };
		6228CEF32087A0260080A282 /* main.cpp in Sources */ = {isa = PBXBuildFile; fileRef = 6228CEF22087A0260080A282 /* main.cpp */; };
		6228CF182087A10C0080A282 /* OpenGL.framework in Frameworks */ = {isa = PBXBuildFile; fileRef = 6228CF172087A10C0080A282 /* OpenGL.framework */; };
		6228CF1A2087A1140080A282 /* GLUT.framework in Frameworks */ = {isa = PBXBuildFile; fileRef = 6228CF192087A1140080A282 /* GLUT.framework */; };
/* End PBXBuildFile section */

/* Begin PBXCopyFilesBuildPhase section */
		6228CEED2087A0260080A282 /* CopyFiles */ = {
			isa = PBXCopyFilesBuildPhase;
			buildActionMask = 2147483647;
			dstPath = /usr/share/man/man1/;
			dstSubfolderSpec = 0;
			files = (
			);
			runOnlyForDeploymentPostprocessing = 1;
		};
/* End PBXCopyFilesBuildPhase section */

/* Begin PBXFileReference section */
		62021293208C6E98000ACF78 /* ScreenPt.cpp */ = {isa = PBXFileReference; lastKnownFileType = sourcecode.cpp.cpp; path = ScreenPt.cpp; sourceTree = "<group>"; };
		62021294208C6E98000ACF78 /* ScreenPt.hpp */ = {isa = PBXFileReference; lastKnownFileType = sourcecode.cpp.h; path = ScreenPt.hpp; sourceTree = "<group>"; };
		620212A9208E279B000ACF78 /* LineGraph.cpp */ = {isa = PBXFileReference; lastKnownFileType = sourcecode.cpp.cpp; path = LineGraph.cpp; sourceTree = "<group>"; };
		620212AA208E279B000ACF78 /* LineGraph.hpp */ = {isa = PBXFileReference; lastKnownFileType = sourcecode.cpp.h; path = LineGraph.hpp; sourceTree = "<group>"; };
		6228CEEF2087A0260080A282 /* ComputerGraphics */ = {isa = PBXFileReference; explicitFileType = "compiled.mach-o.executable"; includeInIndex = 0; path = ComputerGraphics; sourceTree = BUILT_PRODUCTS_DIR; };
		6228CEF22087A0260080A282 /* main.cpp */ = {isa = PBXFileReference; lastKnownFileType = sourcecode.cpp.cpp; path = main.cpp; sourceTree = "<group>"; };
		6228CF172087A10C0080A282 /* OpenGL.framework */ = {isa = PBXFileReference; lastKnownFileType = wrapper.framework; name = OpenGL.framework; path = System/Library/Frameworks/OpenGL.framework; sourceTree = SDKROOT; };
		6228CF192087A1140080A282 /* GLUT.framework */ = {isa = PBXFileReference; lastKnownFileType = wrapper.framework; name = GLUT.framework; path = System/Library/Frameworks/GLUT.framework; sourceTree = SDKROOT; };
/* End PBXFileReference section */

/* Begin PBXFrameworksBuildPhase section */
		6228CEEC2087A0260080A282 /* Frameworks */ = {
			isa = PBXFrameworksBuildPhase;
			buildActionMask = 2147483647;
			files = (
				6228CF1A2087A1140080A282 /* GLUT.framework in Frameworks */,
				6228CF182087A10C0080A282 /* OpenGL.framework in Frameworks */,
			);
			runOnlyForDeploymentPostprocessing = 0;
		};
/* End PBXFrameworksBuildPhase section */

/* Begin PBXGroup section */
		6228CEE62087A0250080A282 = {
			isa = PBXGroup;
			children = (
				6228CEF12087A0260080A282 /* ComputerGraphics */,
				6228CEF02087A0260080A282 /* Products */,
				6228CF162087A10B0080A282 /* Frameworks */,
			);
			sourceTree = "<group>";
		};
		6228CEF02087A0260080A282 /* Products */ = {
			isa = PBXGroup;
			children = (
				6228CEEF2087A0260080A282 /* ComputerGraphics */,
			);
			name = Products;
			sourceTree = "<group>";
		};
		6228CEF12087A0260080A282 /* ComputerGraphics */ = {
			isa = PBXGroup;
			children = (
				6228CEF22087A0260080A282 /* main.cpp */,
				62021293208C6E98000ACF78 /* ScreenPt.cpp */,
				62021294208C6E98000ACF78 /* ScreenPt.hpp */,
				620212A9208E279B000ACF78 /* LineGraph.cpp */,
				620212AA208E279B000ACF78 /* LineGraph.hpp */,
			);
			path = ComputerGraphics;
			sourceTree = "<group>";
		};
		6228CF162087A10B0080A282 /* Frameworks */ = {
			isa = PBXGroup;
			children = (
				6228CF192087A1140080A282 /* GLUT.framework */,
				6228CF172087A10C0080A282 /* OpenGL.framework */,
			);
			name = Frameworks;
			sourceTree = "<group>";
		};
/* End PBXGroup section */

/* Begin PBXNativeTarget section */
		6228CEEE2087A0260080A282 /* ComputerGraphics */ = {
			isa = PBXNativeTarget;
			buildConfigurationList = 6228CEF62087A0260080A282 /* Build configuration list for PBXNativeTarget "ComputerGraphics" */;
			buildPhases = (
				6228CEEB2087A0260080A282 /* Sources */,
				6228CEEC2087A0260080A282 /* Frameworks */,
				6228CEED2087A0260080A282 /* CopyFiles */,
			);
			buildRules = (
			);
			dependencies = (
			);
			name = ComputerGraphics;
			productName = ComputerGraphics;
			productReference = 6228CEEF2087A0260080A282 /* ComputerGraphics */;
			productType = "com.apple.product-type.tool";
		};
/* End PBXNativeTarget section */

/* Begin PBXProject section */
		6228CEE72087A0260080A282 /* Project object */ = {
			isa = PBXProject;
			attributes = {
				LastUpgradeCheck = 0920;
				ORGANIZATIONNAME = charles;
				TargetAttributes = {
					6228CEEE2087A0260080A282 = {
						CreatedOnToolsVersion = 9.2;
						ProvisioningStyle = Automatic;
					};
				};
			};
			buildConfigurationList = 6228CEEA2087A0260080A282 /* Build configuration list for PBXProject "ComputerGraphics" */;
			compatibilityVersion = "Xcode 8.0";
			developmentRegion = en;
			hasScannedForEncodings = 0;
			knownRegions = (
				en,
			);
			mainGroup = 6228CEE62087A0250080A282;
			productRefGroup = 6228CEF02087A0260080A282 /* Products */;
			projectDirPath = "";
			projectRoot = "";
			targets = (
				6228CEEE2087A0260080A282 /* ComputerGraphics */,
			);
		};
/* End PBXProject section */

/* Begin PBXSourcesBuildPhase section */
		6228CEEB2087A0260080A282 /* Sources */ = {
			isa = PBXSourcesBuildPhase;
			buildActionMask = 2147483647;
			files = (
				6228CEF32087A0260080A282 /* main.cpp in Sources */,
				620212AB208E279B000ACF78 /* LineGraph.cpp in Sources */,
				62021295208C6E98000ACF78 /* ScreenPt.cpp in Sources */,
			);
			runOnlyForDeploymentPostprocessing = 0;
		};
/* End PBXSourcesBuildPhase section */

/* Begin XCBuildConfiguration section */
		6228CEF42087A0260080A282 /* Debug */ = {
			isa = XCBuildConfiguration;
			buildSettings = {
				ALWAYS_SEARCH_USER_PATHS = NO;
				CLANG_ANALYZER_NONNULL = YES;
				CLANG_ANALYZER_NUMBER_OBJECT_CONVERSION = YES_AGGRESSIVE;
				CLANG_CXX_LANGUAGE_STANDARD = "gnu++14";
				CLANG_CXX_LIBRARY = "libc++";
				CLANG_ENABLE_MODULES = YES;
				CLANG_ENABLE_OBJC_ARC = YES;
				CLANG_WARN_BLOCK_CAPTURE_AUTORELEASING = YES;
				CLANG_WARN_BOOL_CONVERSION = YES;
				CLANG_WARN_COMMA = YES;
				CLANG_WARN_CONSTANT_CONVERSION = YES;
				CLANG_WARN_DIRECT_OBJC_ISA_USAGE = YES_ERROR;
				CLANG_WARN_DOCUMENTATION_COMMENTS = YES;
				CLANG_WARN_EMPTY_BODY = YES;
				CLANG_WARN_ENUM_CONVERSION = YES;
				CLANG_WARN_INFINITE_RECURSION = YES;
				CLANG_WARN_INT_CONVERSION = YES;
				CLANG_WARN_NON_LITERAL_NULL_CONVERSION = YES;
				CLANG_WARN_OBJC_LITERAL_CONVERSION = YES;
				CLANG_WARN_OBJC_ROOT_CLASS = YES_ERROR;
				CLANG_WARN_RANGE_LOOP_ANALYSIS = YES;
				CLANG_WARN_STRICT_PROTOTYPES = YES;
				CLANG_WARN_SUSPICIOUS_MOVE = YES;
				CLANG_WARN_UNGUARDED_AVAILABILITY = YES_AGGRESSIVE;
				CLANG_WARN_UNREACHABLE_CODE = YES;
				CLANG_WARN__DUPLICATE_METHOD_MATCH = YES;
				CODE_SIGN_IDENTITY = "Mac Developer";
				COPY_PHASE_STRIP = NO;
				DEBUG_INFORMATION_FORMAT = dwarf;
				ENABLE_STRICT_OBJC_MSGSEND = YES;
				ENABLE_TESTABILITY = YES;
				GCC_C_LANGUAGE_STANDARD = gnu11;
				GCC_DYNAMIC_NO_PIC = NO;
				GCC_NO_COMMON_BLOCKS = YES;
				GCC_OPTIMIZATION_LEVEL = 0;
				GCC_PREPROCESSOR_DEFINITIONS = (
					"DEBUG=1",
					"$(inherited)",
				);
				GCC_WARN_64_TO_32_BIT_CONVERSION = YES;
				GCC_WARN_ABOUT_RETURN_TYPE = YES_ERROR;
				GCC_WARN_UNDECLARED_SELECTOR = YES;
				GCC_WARN_UNINITIALIZED_AUTOS = YES_AGGRESSIVE;
				GCC_WARN_UNUSED_FUNCTION = YES;
				GCC_WARN_UNUSED_VARIABLE = YES;
				MACOSX_DEPLOYMENT_TARGET = 10.13;
				MTL_ENABLE_DEBUG_INFO = YES;
				ONLY_ACTIVE_ARCH = YES;
				SDKROOT = macosx;
			};
			name = Debug;
		};
		6228CEF52087A0260080A282 /* Release */ = {
			isa = XCBuildConfiguration;
			buildSettings = {
				ALWAYS_SEARCH_USER_PATHS = NO;
				CLANG_ANALYZER_NONNULL = YES;
				CLANG_ANALYZER_NUMBER_OBJECT_CONVERSION = YES_AGGRESSIVE;
				CLANG_CXX_LANGUAGE_STANDARD = "gnu++14";
				CLANG_CXX_LIBRARY = "libc++";
				CLANG_ENABLE_MODULES = YES;
				CLANG_ENABLE_OBJC_ARC = YES;
				CLANG_WARN_BLOCK_CAPTURE_AUTORELEASING = YES;
				CLANG_WARN_BOOL_CONVERSION = YES;
				CLANG_WARN_COMMA = YES;
				CLANG_WARN_CONSTANT_CONVERSION = YES;
				CLANG_WARN_DIRECT_OBJC_ISA_USAGE = YES_ERROR;
				CLANG_WARN_DOCUMENTATION_COMMENTS = YES;
				CLANG_WARN_EMPTY_BODY = YES;
				CLANG_WARN_ENUM_CONVERSION = YES;
				CLANG_WARN_INFINITE_RECURSION = YES;
				CLANG_WARN_INT_CONVERSION = YES;
				CLANG_WARN_NON_LITERAL_NULL_CONVERSION = YES;
				CLANG_WARN_OBJC_LITERAL_CONVERSION = YES;
				CLANG_WARN_OBJC_ROOT_CLASS = YES_ERROR;
				CLANG_WARN_RANGE_LOOP_ANALYSIS = YES;
				CLANG_WARN_STRICT_PROTOTYPES = YES;
				CLANG_WARN_SUSPICIOUS_MOVE = YES;
				CLANG_WARN_UNGUARDED_AVAILABILITY = YES_AGGRESSIVE;
				CLANG_WARN_UNREACHABLE_CODE = YES;
				CLANG_WARN__DUPLICATE_METHOD_MATCH = YES;
				CODE_SIGN_IDENTITY = "Mac Developer";
				COPY_PHASE_STRIP = NO;
				DEBUG_INFORMATION_FORMAT = "dwarf-with-dsym";
				ENABLE_NS_ASSERTIONS = NO;
				ENABLE_STRICT_OBJC_MSGSEND = YES;
				GCC_C_LANGUAGE_STANDARD = gnu11;
				GCC_NO_COMMON_BLOCKS = YES;
				GCC_WARN_64_TO_32_BIT_CONVERSION = YES;
				GCC_WARN_ABOUT_RETURN_TYPE = YES_ERROR;
				GCC_WARN_UNDECLARED_SELECTOR = YES;
				GCC_WARN_UNINITIALIZED_AUTOS = YES_AGGRESSIVE;
				GCC_WARN_UNUSED_FUNCTION = YES;
				GCC_WARN_UNUSED_VARIABLE = YES;
				MACOSX_DEPLOYMENT_TARGET = 10.13;
				MTL_ENABLE_DEBUG_INFO = NO;
				SDKROOT = macosx;
			};
			name = Release;
		};
		6228CEF72087A0260080A282 /* Debug */ = {
			isa = XCBuildConfiguration;
			buildSettings = {
				CODE_SIGN_STYLE = Automatic;
				DEVELOPMENT_TEAM = 5PE3PM2R7K;
				MACOSX_DEPLOYMENT_TARGET = 10.11;
				PRODUCT_NAME = "$(TARGET_NAME)";
				WARNING_CFLAGS = "-Wno-deprecated-declarations";
			};
			name = Debug;
		};
		6228CEF82087A0260080A282 /* Release */ = {
			isa = XCBuildConfiguration;
			buildSettings = {
				CODE_SIGN_STYLE = Automatic;
				DEVELOPMENT_TEAM = 5PE3PM2R7K;
				MACOSX_DEPLOYMENT_TARGET = 10.11;
				PRODUCT_NAME = "$(TARGET_NAME)";
				WARNING_CFLAGS = "-Wno-deprecated-declarations";
			};
			name = Release;
		};
/* End XCBuildConfiguration section */

/* Begin XCConfigurationList section */
		6228CEEA2087A0260080A282 /* Build configuration list for PBXProject "ComputerGraphics" */ = {
			isa = XCConfigurationList;
			buildConfigurations = (
				6228CEF42087A0260080A282 /* Debug */,
				6228CEF52087A0260080A282 /* Release */,
			);
			defaultConfigurationIsVisible = 0;
			defaultConfigurationName = Release;
		};
		6228CEF62087A0260080A282 /* Build configuration list for PBXNativeTarget "ComputerGraphics" */ = {
			isa = XCConfigurationList;
			buildConfigurations = (
				6228CEF72087A0260080A282 /* Debug */,
				6228CEF82087A0260080A282 /* Release */,
			);
			defaultConfigurationIsVisible = 0;
			defaultConfigurationName = Release;
		};
/* End XCConfigurationList section */
	};
	rootObject = 6228CEE72087A0260080A282 /* Project object */;
}
